// !$*UTF8*$!
{
	archiveVersion = 1;
	classes = {
	};
	objectVersion = 50;
	objects = {

/* Begin PBXBuildFile section */
		769919BD24138D9400655819 /* AppDelegate.swift in Sources */ = {isa = PBXBuildFile; fileRef = 769919BC24138D9400655819 /* AppDelegate.swift */; };
		769919BF24138D9400655819 /* SceneDelegate.swift in Sources */ = {isa = PBXBuildFile; fileRef = 769919BE24138D9400655819 /* SceneDelegate.swift */; };
		769919C124138D9400655819 /* ContentView.swift in Sources */ = {isa = PBXBuildFile; fileRef = 769919C024138D9400655819 /* ContentView.swift */; };
		769919C324138D9800655819 /* Assets.xcassets in Resources */ = {isa = PBXBuildFile; fileRef = 769919C224138D9800655819 /* Assets.xcassets */; };
		769919C624138D9800655819 /* Preview Assets.xcassets in Resources */ = {isa = PBXBuildFile; fileRef = 769919C524138D9800655819 /* Preview Assets.xcassets */; };
		769919C924138D9800655819 /* LaunchScreen.storyboard in Resources */ = {isa = PBXBuildFile; fileRef = 769919C724138D9800655819 /* LaunchScreen.storyboard */; };
		769919D424138D9800655819 /* CoinFlipTests.swift in Sources */ = {isa = PBXBuildFile; fileRef = 769919D324138D9800655819 /* CoinFlipTests.swift */; };
		769919DF24138D9800655819 /* CoinFlipUITests.swift in Sources */ = {isa = PBXBuildFile; fileRef = 769919DE24138D9800655819 /* CoinFlipUITests.swift */; };
		769919E424138D9800655819 /* CoinFlip WatchKit App.app in Embed Watch Content */ = {isa = PBXBuildFile; fileRef = 769919E324138D9800655819 /* CoinFlip WatchKit App.app */; settings = {ATTRIBUTES = (RemoveHeadersOnCopy, ); }; };
		769919EA24138D9800655819 /* Interface.storyboard in Resources */ = {isa = PBXBuildFile; fileRef = 769919E824138D9800655819 /* Interface.storyboard */; };
		769919EC24138D9900655819 /* Assets.xcassets in Resources */ = {isa = PBXBuildFile; fileRef = 769919EB24138D9900655819 /* Assets.xcassets */; };
		769919F324138D9900655819 /* CoinFlip WatchKit Extension.appex in Embed App Extensions */ = {isa = PBXBuildFile; fileRef = 769919F224138D9900655819 /* CoinFlip WatchKit Extension.appex */; settings = {ATTRIBUTES = (RemoveHeadersOnCopy, ); }; };
		769919F824138D9900655819 /* ContentView.swift in Sources */ = {isa = PBXBuildFile; fileRef = 769919F724138D9900655819 /* ContentView.swift */; };
		769919FA24138D9900655819 /* HostingController.swift in Sources */ = {isa = PBXBuildFile; fileRef = 769919F924138D9900655819 /* HostingController.swift */; };
		769919FC24138D9900655819 /* ExtensionDelegate.swift in Sources */ = {isa = PBXBuildFile; fileRef = 769919FB24138D9900655819 /* ExtensionDelegate.swift */; };
		769919FE24138D9900655819 /* NotificationController.swift in Sources */ = {isa = PBXBuildFile; fileRef = 769919FD24138D9900655819 /* NotificationController.swift */; };
		76991A0024138D9900655819 /* NotificationView.swift in Sources */ = {isa = PBXBuildFile; fileRef = 769919FF24138D9900655819 /* NotificationView.swift */; };
		76991A0224138D9900655819 /* Assets.xcassets in Resources */ = {isa = PBXBuildFile; fileRef = 76991A0124138D9900655819 /* Assets.xcassets */; };
		76991A0524138D9900655819 /* Preview Assets.xcassets in Resources */ = {isa = PBXBuildFile; fileRef = 76991A0424138D9900655819 /* Preview Assets.xcassets */; };
/* End PBXBuildFile section */

/* Begin PBXContainerItemProxy section */
		769919D024138D9800655819 /* PBXContainerItemProxy */ = {
			isa = PBXContainerItemProxy;
			containerPortal = 769919B124138D9400655819 /* Project object */;
			proxyType = 1;
			remoteGlobalIDString = 769919B824138D9400655819;
			remoteInfo = CoinFlip;
		};
		769919DB24138D9800655819 /* PBXContainerItemProxy */ = {
			isa = PBXContainerItemProxy;
			containerPortal = 769919B124138D9400655819 /* Project object */;
			proxyType = 1;
			remoteGlobalIDString = 769919B824138D9400655819;
			remoteInfo = CoinFlip;
		};
		769919E524138D9800655819 /* PBXContainerItemProxy */ = {
			isa = PBXContainerItemProxy;
			containerPortal = 769919B124138D9400655819 /* Project object */;
			proxyType = 1;
			remoteGlobalIDString = 769919E224138D9800655819;
			remoteInfo = "CoinFlip WatchKit App";
		};
		769919F424138D9900655819 /* PBXContainerItemProxy */ = {
			isa = PBXContainerItemProxy;
			containerPortal = 769919B124138D9400655819 /* Project object */;
			proxyType = 1;
			remoteGlobalIDString = 769919F124138D9900655819;
			remoteInfo = "CoinFlip WatchKit Extension";
		};
/* End PBXContainerItemProxy section */

/* Begin PBXCopyFilesBuildPhase section */
		76991A0D24138D9900655819 /* Embed App Extensions */ = {
			isa = PBXCopyFilesBuildPhase;
			buildActionMask = 2147483647;
			dstPath = "";
			dstSubfolderSpec = 13;
			files = (
				769919F324138D9900655819 /* CoinFlip WatchKit Extension.appex in Embed App Extensions */,
			);
			name = "Embed App Extensions";
			runOnlyForDeploymentPostprocessing = 0;
		};
		76991A1124138D9900655819 /* Embed Watch Content */ = {
			isa = PBXCopyFilesBuildPhase;
			buildActionMask = 2147483647;
			dstPath = "$(CONTENTS_FOLDER_PATH)/Watch";
			dstSubfolderSpec = 16;
			files = (
				769919E424138D9800655819 /* CoinFlip WatchKit App.app in Embed Watch Content */,
			);
			name = "Embed Watch Content";
			runOnlyForDeploymentPostprocessing = 0;
		};
/* End PBXCopyFilesBuildPhase section */

/* Begin PBXFileReference section */
		769919B924138D9400655819 /* CoinFlip.app */ = {isa = PBXFileReference; explicitFileType = wrapper.application; includeInIndex = 0; path = CoinFlip.app; sourceTree = BUILT_PRODUCTS_DIR; };
		769919BC24138D9400655819 /* AppDelegate.swift */ = {isa = PBXFileReference; lastKnownFileType = sourcecode.swift; path = AppDelegate.swift; sourceTree = "<group>"; };
		769919BE24138D9400655819 /* SceneDelegate.swift */ = {isa = PBXFileReference; lastKnownFileType = sourcecode.swift; path = SceneDelegate.swift; sourceTree = "<group>"; };
		769919C024138D9400655819 /* ContentView.swift */ = {isa = PBXFileReference; lastKnownFileType = sourcecode.swift; path = ContentView.swift; sourceTree = "<group>"; };
		769919C224138D9800655819 /* Assets.xcassets */ = {isa = PBXFileReference; lastKnownFileType = folder.assetcatalog; path = Assets.xcassets; sourceTree = "<group>"; };
		769919C524138D9800655819 /* Preview Assets.xcassets */ = {isa = PBXFileReference; lastKnownFileType = folder.assetcatalog; path = "Preview Assets.xcassets"; sourceTree = "<group>"; };
		769919C824138D9800655819 /* Base */ = {isa = PBXFileReference; lastKnownFileType = file.storyboard; name = Base; path = Base.lproj/LaunchScreen.storyboard; sourceTree = "<group>"; };
		769919CA24138D9800655819 /* Info.plist */ = {isa = PBXFileReference; lastKnownFileType = text.plist.xml; path = Info.plist; sourceTree = "<group>"; };
		769919CF24138D9800655819 /* CoinFlipTests.xctest */ = {isa = PBXFileReference; explicitFileType = wrapper.cfbundle; includeInIndex = 0; path = CoinFlipTests.xctest; sourceTree = BUILT_PRODUCTS_DIR; };
		769919D324138D9800655819 /* CoinFlipTests.swift */ = {isa = PBXFileReference; lastKnownFileType = sourcecode.swift; path = CoinFlipTests.swift; sourceTree = "<group>"; };
		769919D524138D9800655819 /* Info.plist */ = {isa = PBXFileReference; lastKnownFileType = text.plist.xml; path = Info.plist; sourceTree = "<group>"; };
		769919DA24138D9800655819 /* CoinFlipUITests.xctest */ = {isa = PBXFileReference; explicitFileType = wrapper.cfbundle; includeInIndex = 0; path = CoinFlipUITests.xctest; sourceTree = BUILT_PRODUCTS_DIR; };
		769919DE24138D9800655819 /* CoinFlipUITests.swift */ = {isa = PBXFileReference; lastKnownFileType = sourcecode.swift; path = CoinFlipUITests.swift; sourceTree = "<group>"; };
		769919E024138D9800655819 /* Info.plist */ = {isa = PBXFileReference; lastKnownFileType = text.plist.xml; path = Info.plist; sourceTree = "<group>"; };
		769919E324138D9800655819 /* CoinFlip WatchKit App.app */ = {isa = PBXFileReference; explicitFileType = wrapper.application; includeInIndex = 0; path = "CoinFlip WatchKit App.app"; sourceTree = BUILT_PRODUCTS_DIR; };
		769919E924138D9800655819 /* Base */ = {isa = PBXFileReference; lastKnownFileType = file.storyboard; name = Base; path = Base.lproj/Interface.storyboard; sourceTree = "<group>"; };
		769919EB24138D9900655819 /* Assets.xcassets */ = {isa = PBXFileReference; lastKnownFileType = folder.assetcatalog; path = Assets.xcassets; sourceTree = "<group>"; };
		769919ED24138D9900655819 /* Info.plist */ = {isa = PBXFileReference; lastKnownFileType = text.plist.xml; path = Info.plist; sourceTree = "<group>"; };
		769919F224138D9900655819 /* CoinFlip WatchKit Extension.appex */ = {isa = PBXFileReference; explicitFileType = "wrapper.app-extension"; includeInIndex = 0; path = "CoinFlip WatchKit Extension.appex"; sourceTree = BUILT_PRODUCTS_DIR; };
		769919F724138D9900655819 /* ContentView.swift */ = {isa = PBXFileReference; lastKnownFileType = sourcecode.swift; path = ContentView.swift; sourceTree = "<group>"; };
		769919F924138D9900655819 /* HostingController.swift */ = {isa = PBXFileReference; lastKnownFileType = sourcecode.swift; path = HostingController.swift; sourceTree = "<group>"; };
		769919FB24138D9900655819 /* ExtensionDelegate.swift */ = {isa = PBXFileReference; lastKnownFileType = sourcecode.swift; path = ExtensionDelegate.swift; sourceTree = "<group>"; };
		769919FD24138D9900655819 /* NotificationController.swift */ = {isa = PBXFileReference; lastKnownFileType = sourcecode.swift; path = NotificationController.swift; sourceTree = "<group>"; };
		769919FF24138D9900655819 /* NotificationView.swift */ = {isa = PBXFileReference; lastKnownFileType = sourcecode.swift; path = NotificationView.swift; sourceTree = "<group>"; };
		76991A0124138D9900655819 /* Assets.xcassets */ = {isa = PBXFileReference; lastKnownFileType = folder.assetcatalog; path = Assets.xcassets; sourceTree = "<group>"; };
		76991A0424138D9900655819 /* Preview Assets.xcassets */ = {isa = PBXFileReference; lastKnownFileType = folder.assetcatalog; path = "Preview Assets.xcassets"; sourceTree = "<group>"; };
		76991A0624138D9900655819 /* Info.plist */ = {isa = PBXFileReference; lastKnownFileType = text.plist.xml; path = Info.plist; sourceTree = "<group>"; };
		76991A0724138D9900655819 /* PushNotificationPayload.apns */ = {isa = PBXFileReference; lastKnownFileType = text; path = PushNotificationPayload.apns; sourceTree = "<group>"; };
/* End PBXFileReference section */

/* Begin PBXFrameworksBuildPhase section */
		769919B624138D9400655819 /* Frameworks */ = {
			isa = PBXFrameworksBuildPhase;
			buildActionMask = 2147483647;
			files = (
			);
			runOnlyForDeploymentPostprocessing = 0;
		};
		769919CC24138D9800655819 /* Frameworks */ = {
			isa = PBXFrameworksBuildPhase;
			buildActionMask = 2147483647;
			files = (
			);
			runOnlyForDeploymentPostprocessing = 0;
		};
		769919D724138D9800655819 /* Frameworks */ = {
			isa = PBXFrameworksBuildPhase;
			buildActionMask = 2147483647;
			files = (
			);
			runOnlyForDeploymentPostprocessing = 0;
		};
		769919EF24138D9900655819 /* Frameworks */ = {
			isa = PBXFrameworksBuildPhase;
			buildActionMask = 2147483647;
			files = (
			);
			runOnlyForDeploymentPostprocessing = 0;
		};
/* End PBXFrameworksBuildPhase section */

/* Begin PBXGroup section */
		769919B024138D9400655819 = {
			isa = PBXGroup;
			children = (
				769919BB24138D9400655819 /* CoinFlip */,
				769919D224138D9800655819 /* CoinFlipTests */,
				769919DD24138D9800655819 /* CoinFlipUITests */,
				769919E724138D9800655819 /* CoinFlip WatchKit App */,
				769919F624138D9900655819 /* CoinFlip WatchKit Extension */,
				769919BA24138D9400655819 /* Products */,
			);
			sourceTree = "<group>";
		};
		769919BA24138D9400655819 /* Products */ = {
			isa = PBXGroup;
			children = (
				769919B924138D9400655819 /* CoinFlip.app */,
				769919CF24138D9800655819 /* CoinFlipTests.xctest */,
				769919DA24138D9800655819 /* CoinFlipUITests.xctest */,
				769919E324138D9800655819 /* CoinFlip WatchKit App.app */,
				769919F224138D9900655819 /* CoinFlip WatchKit Extension.appex */,
			);
			name = Products;
			sourceTree = "<group>";
		};
		769919BB24138D9400655819 /* CoinFlip */ = {
			isa = PBXGroup;
			children = (
				769919BC24138D9400655819 /* AppDelegate.swift */,
				769919BE24138D9400655819 /* SceneDelegate.swift */,
				769919C024138D9400655819 /* ContentView.swift */,
				769919C224138D9800655819 /* Assets.xcassets */,
				769919C724138D9800655819 /* LaunchScreen.storyboard */,
				769919CA24138D9800655819 /* Info.plist */,
				769919C424138D9800655819 /* Preview Content */,
			);
			path = CoinFlip;
			sourceTree = "<group>";
		};
		769919C424138D9800655819 /* Preview Content */ = {
			isa = PBXGroup;
			children = (
				769919C524138D9800655819 /* Preview Assets.xcassets */,
			);
			path = "Preview Content";
			sourceTree = "<group>";
		};
		769919D224138D9800655819 /* CoinFlipTests */ = {
			isa = PBXGroup;
			children = (
				769919D324138D9800655819 /* CoinFlipTests.swift */,
				769919D524138D9800655819 /* Info.plist */,
			);
			path = CoinFlipTests;
			sourceTree = "<group>";
		};
		769919DD24138D9800655819 /* CoinFlipUITests */ = {
			isa = PBXGroup;
			children = (
				769919DE24138D9800655819 /* CoinFlipUITests.swift */,
				769919E024138D9800655819 /* Info.plist */,
			);
			path = CoinFlipUITests;
			sourceTree = "<group>";
		};
		769919E724138D9800655819 /* CoinFlip WatchKit App */ = {
			isa = PBXGroup;
			children = (
				769919E824138D9800655819 /* Interface.storyboard */,
				769919EB24138D9900655819 /* Assets.xcassets */,
				769919ED24138D9900655819 /* Info.plist */,
			);
			path = "CoinFlip WatchKit App";
			sourceTree = "<group>";
		};
		769919F624138D9900655819 /* CoinFlip WatchKit Extension */ = {
			isa = PBXGroup;
			children = (
				769919F724138D9900655819 /* ContentView.swift */,
				769919F924138D9900655819 /* HostingController.swift */,
				769919FB24138D9900655819 /* ExtensionDelegate.swift */,
				769919FD24138D9900655819 /* NotificationController.swift */,
				769919FF24138D9900655819 /* NotificationView.swift */,
				76991A0124138D9900655819 /* Assets.xcassets */,
				76991A0624138D9900655819 /* Info.plist */,
				76991A0724138D9900655819 /* PushNotificationPayload.apns */,
				76991A0324138D9900655819 /* Preview Content */,
			);
			path = "CoinFlip WatchKit Extension";
			sourceTree = "<group>";
		};
		76991A0324138D9900655819 /* Preview Content */ = {
			isa = PBXGroup;
			children = (
				76991A0424138D9900655819 /* Preview Assets.xcassets */,
			);
			path = "Preview Content";
			sourceTree = "<group>";
		};
/* End PBXGroup section */

/* Begin PBXNativeTarget section */
		769919B824138D9400655819 /* CoinFlip */ = {
			isa = PBXNativeTarget;
			buildConfigurationList = 76991A1224138D9900655819 /* Build configuration list for PBXNativeTarget "CoinFlip" */;
			buildPhases = (
				769919B524138D9400655819 /* Sources */,
				769919B624138D9400655819 /* Frameworks */,
				769919B724138D9400655819 /* Resources */,
				76991A1124138D9900655819 /* Embed Watch Content */,
			);
			buildRules = (
			);
			dependencies = (
				769919E624138D9800655819 /* PBXTargetDependency */,
			);
			name = CoinFlip;
			productName = CoinFlip;
			productReference = 769919B924138D9400655819 /* CoinFlip.app */;
			productType = "com.apple.product-type.application";
		};
		769919CE24138D9800655819 /* CoinFlipTests */ = {
			isa = PBXNativeTarget;
			buildConfigurationList = 76991A1524138D9900655819 /* Build configuration list for PBXNativeTarget "CoinFlipTests" */;
			buildPhases = (
				769919CB24138D9800655819 /* Sources */,
				769919CC24138D9800655819 /* Frameworks */,
				769919CD24138D9800655819 /* Resources */,
			);
			buildRules = (
			);
			dependencies = (
				769919D124138D9800655819 /* PBXTargetDependency */,
			);
			name = CoinFlipTests;
			productName = CoinFlipTests;
			productReference = 769919CF24138D9800655819 /* CoinFlipTests.xctest */;
			productType = "com.apple.product-type.bundle.unit-test";
		};
		769919D924138D9800655819 /* CoinFlipUITests */ = {
			isa = PBXNativeTarget;
			buildConfigurationList = 76991A1824138D9900655819 /* Build configuration list for PBXNativeTarget "CoinFlipUITests" */;
			buildPhases = (
				769919D624138D9800655819 /* Sources */,
				769919D724138D9800655819 /* Frameworks */,
				769919D824138D9800655819 /* Resources */,
			);
			buildRules = (
			);
			dependencies = (
				769919DC24138D9800655819 /* PBXTargetDependency */,
			);
			name = CoinFlipUITests;
			productName = CoinFlipUITests;
			productReference = 769919DA24138D9800655819 /* CoinFlipUITests.xctest */;
			productType = "com.apple.product-type.bundle.ui-testing";
		};
		769919E224138D9800655819 /* CoinFlip WatchKit App */ = {
			isa = PBXNativeTarget;
			buildConfigurationList = 76991A0E24138D9900655819 /* Build configuration list for PBXNativeTarget "CoinFlip WatchKit App" */;
			buildPhases = (
				769919E124138D9800655819 /* Resources */,
				76991A0D24138D9900655819 /* Embed App Extensions */,
			);
			buildRules = (
			);
			dependencies = (
				769919F524138D9900655819 /* PBXTargetDependency */,
			);
			name = "CoinFlip WatchKit App";
			productName = "CoinFlip WatchKit App";
			productReference = 769919E324138D9800655819 /* CoinFlip WatchKit App.app */;
			productType = "com.apple.product-type.application.watchapp2";
		};
		769919F124138D9900655819 /* CoinFlip WatchKit Extension */ = {
			isa = PBXNativeTarget;
			buildConfigurationList = 76991A0A24138D9900655819 /* Build configuration list for PBXNativeTarget "CoinFlip WatchKit Extension" */;
			buildPhases = (
				769919EE24138D9900655819 /* Sources */,
				769919EF24138D9900655819 /* Frameworks */,
				769919F024138D9900655819 /* Resources */,
			);
			buildRules = (
			);
			dependencies = (
			);
			name = "CoinFlip WatchKit Extension";
			productName = "CoinFlip WatchKit Extension";
			productReference = 769919F224138D9900655819 /* CoinFlip WatchKit Extension.appex */;
			productType = "com.apple.product-type.watchkit2-extension";
		};
/* End PBXNativeTarget section */

/* Begin PBXProject section */
		769919B124138D9400655819 /* Project object */ = {
			isa = PBXProject;
			attributes = {
				LastSwiftUpdateCheck = 1140;
				LastUpgradeCheck = 1140;
				ORGANIZATIONNAME = Taras;
				TargetAttributes = {
					769919B824138D9400655819 = {
						CreatedOnToolsVersion = 11.4;
					};
					769919CE24138D9800655819 = {
						CreatedOnToolsVersion = 11.4;
						TestTargetID = 769919B824138D9400655819;
					};
					769919D924138D9800655819 = {
						CreatedOnToolsVersion = 11.4;
						TestTargetID = 769919B824138D9400655819;
					};
					769919E224138D9800655819 = {
						CreatedOnToolsVersion = 11.4;
					};
					769919F124138D9900655819 = {
						CreatedOnToolsVersion = 11.4;
					};
				};
			};
			buildConfigurationList = 769919B424138D9400655819 /* Build configuration list for PBXProject "CoinFlip" */;
			compatibilityVersion = "Xcode 9.3";
			developmentRegion = en;
			hasScannedForEncodings = 0;
			knownRegions = (
				en,
				Base,
			);
			mainGroup = 769919B024138D9400655819;
			productRefGroup = 769919BA24138D9400655819 /* Products */;
			projectDirPath = "";
			projectRoot = "";
			targets = (
				769919B824138D9400655819 /* CoinFlip */,
				769919CE24138D9800655819 /* CoinFlipTests */,
				769919D924138D9800655819 /* CoinFlipUITests */,
				769919E224138D9800655819 /* CoinFlip WatchKit App */,
				769919F124138D9900655819 /* CoinFlip WatchKit Extension */,
			);
		};
/* End PBXProject section */

/* Begin PBXResourcesBuildPhase section */
		769919B724138D9400655819 /* Resources */ = {
			isa = PBXResourcesBuildPhase;
			buildActionMask = 2147483647;
			files = (
				769919C924138D9800655819 /* LaunchScreen.storyboard in Resources */,
				769919C624138D9800655819 /* Preview Assets.xcassets in Resources */,
				769919C324138D9800655819 /* Assets.xcassets in Resources */,
			);
			runOnlyForDeploymentPostprocessing = 0;
		};
		769919CD24138D9800655819 /* Resources */ = {
			isa = PBXResourcesBuildPhase;
			buildActionMask = 2147483647;
			files = (
			);
			runOnlyForDeploymentPostprocessing = 0;
		};
		769919D824138D9800655819 /* Resources */ = {
			isa = PBXResourcesBuildPhase;
			buildActionMask = 2147483647;
			files = (
			);
			runOnlyForDeploymentPostprocessing = 0;
		};
		769919E124138D9800655819 /* Resources */ = {
			isa = PBXResourcesBuildPhase;
			buildActionMask = 2147483647;
			files = (
				769919EC24138D9900655819 /* Assets.xcassets in Resources */,
				769919EA24138D9800655819 /* Interface.storyboard in Resources */,
			);
			runOnlyForDeploymentPostprocessing = 0;
		};
		769919F024138D9900655819 /* Resources */ = {
			isa = PBXResourcesBuildPhase;
			buildActionMask = 2147483647;
			files = (
				76991A0524138D9900655819 /* Preview Assets.xcassets in Resources */,
				76991A0224138D9900655819 /* Assets.xcassets in Resources */,
			);
			runOnlyForDeploymentPostprocessing = 0;
		};
/* End PBXResourcesBuildPhase section */

/* Begin PBXSourcesBuildPhase section */
		769919B524138D9400655819 /* Sources */ = {
			isa = PBXSourcesBuildPhase;
			buildActionMask = 2147483647;
			files = (
				769919BD24138D9400655819 /* AppDelegate.swift in Sources */,
				769919BF24138D9400655819 /* SceneDelegate.swift in Sources */,
				769919C124138D9400655819 /* ContentView.swift in Sources */,
			);
			runOnlyForDeploymentPostprocessing = 0;
		};
		769919CB24138D9800655819 /* Sources */ = {
			isa = PBXSourcesBuildPhase;
			buildActionMask = 2147483647;
			files = (
				769919D424138D9800655819 /* CoinFlipTests.swift in Sources */,
			);
			runOnlyForDeploymentPostprocessing = 0;
		};
		769919D624138D9800655819 /* Sources */ = {
			isa = PBXSourcesBuildPhase;
			buildActionMask = 2147483647;
			files = (
				769919DF24138D9800655819 /* CoinFlipUITests.swift in Sources */,
			);
			runOnlyForDeploymentPostprocessing = 0;
		};
		769919EE24138D9900655819 /* Sources */ = {
			isa = PBXSourcesBuildPhase;
			buildActionMask = 2147483647;
			files = (
				769919FA24138D9900655819 /* HostingController.swift in Sources */,
				769919F824138D9900655819 /* ContentView.swift in Sources */,
				769919FE24138D9900655819 /* NotificationController.swift in Sources */,
				769919FC24138D9900655819 /* ExtensionDelegate.swift in Sources */,
				76991A0024138D9900655819 /* NotificationView.swift in Sources */,
			);
			runOnlyForDeploymentPostprocessing = 0;
		};
/* End PBXSourcesBuildPhase section */

/* Begin PBXTargetDependency section */
		769919D124138D9800655819 /* PBXTargetDependency */ = {
			isa = PBXTargetDependency;
			target = 769919B824138D9400655819 /* CoinFlip */;
			targetProxy = 769919D024138D9800655819 /* PBXContainerItemProxy */;
		};
		769919DC24138D9800655819 /* PBXTargetDependency */ = {
			isa = PBXTargetDependency;
			target = 769919B824138D9400655819 /* CoinFlip */;
			targetProxy = 769919DB24138D9800655819 /* PBXContainerItemProxy */;
		};
		769919E624138D9800655819 /* PBXTargetDependency */ = {
			isa = PBXTargetDependency;
			target = 769919E224138D9800655819 /* CoinFlip WatchKit App */;
			targetProxy = 769919E524138D9800655819 /* PBXContainerItemProxy */;
		};
		769919F524138D9900655819 /* PBXTargetDependency */ = {
			isa = PBXTargetDependency;
			target = 769919F124138D9900655819 /* CoinFlip WatchKit Extension */;
			targetProxy = 769919F424138D9900655819 /* PBXContainerItemProxy */;
		};
/* End PBXTargetDependency section */

/* Begin PBXVariantGroup section */
		769919C724138D9800655819 /* LaunchScreen.storyboard */ = {
			isa = PBXVariantGroup;
			children = (
				769919C824138D9800655819 /* Base */,
			);
			name = LaunchScreen.storyboard;
			sourceTree = "<group>";
		};
		769919E824138D9800655819 /* Interface.storyboard */ = {
			isa = PBXVariantGroup;
			children = (
				769919E924138D9800655819 /* Base */,
			);
			name = Interface.storyboard;
			sourceTree = "<group>";
		};
/* End PBXVariantGroup section */

/* Begin XCBuildConfiguration section */
		76991A0824138D9900655819 /* Debug */ = {
			isa = XCBuildConfiguration;
			buildSettings = {
				ALWAYS_SEARCH_USER_PATHS = NO;
				CLANG_ANALYZER_NONNULL = YES;
				CLANG_ANALYZER_NUMBER_OBJECT_CONVERSION = YES_AGGRESSIVE;
				CLANG_CXX_LANGUAGE_STANDARD = "gnu++14";
				CLANG_CXX_LIBRARY = "libc++";
				CLANG_ENABLE_MODULES = YES;
				CLANG_ENABLE_OBJC_ARC = YES;
				CLANG_ENABLE_OBJC_WEAK = YES;
				CLANG_WARN_BLOCK_CAPTURE_AUTORELEASING = YES;
				CLANG_WARN_BOOL_CONVERSION = YES;
				CLANG_WARN_COMMA = YES;
				CLANG_WARN_CONSTANT_CONVERSION = YES;
				CLANG_WARN_DEPRECATED_OBJC_IMPLEMENTATIONS = YES;
				CLANG_WARN_DIRECT_OBJC_ISA_USAGE = YES_ERROR;
				CLANG_WARN_DOCUMENTATION_COMMENTS = YES;
				CLANG_WARN_EMPTY_BODY = YES;
				CLANG_WARN_ENUM_CONVERSION = YES;
				CLANG_WARN_INFINITE_RECURSION = YES;
				CLANG_WARN_INT_CONVERSION = YES;
				CLANG_WARN_NON_LITERAL_NULL_CONVERSION = YES;
				CLANG_WARN_OBJC_IMPLICIT_RETAIN_SELF = YES;
				CLANG_WARN_OBJC_LITERAL_CONVERSION = YES;
				CLANG_WARN_OBJC_ROOT_CLASS = YES_ERROR;
				CLANG_WARN_RANGE_LOOP_ANALYSIS = YES;
				CLANG_WARN_STRICT_PROTOTYPES = YES;
				CLANG_WARN_SUSPICIOUS_MOVE = YES;
				CLANG_WARN_UNGUARDED_AVAILABILITY = YES_AGGRESSIVE;
				CLANG_WARN_UNREACHABLE_CODE = YES;
				CLANG_WARN__DUPLICATE_METHOD_MATCH = YES;
				COPY_PHASE_STRIP = NO;
				DEBUG_INFORMATION_FORMAT = dwarf;
				ENABLE_STRICT_OBJC_MSGSEND = YES;
				ENABLE_TESTABILITY = YES;
				GCC_C_LANGUAGE_STANDARD = gnu11;
				GCC_DYNAMIC_NO_PIC = NO;
				GCC_NO_COMMON_BLOCKS = YES;
				GCC_OPTIMIZATION_LEVEL = 0;
				GCC_PREPROCESSOR_DEFINITIONS = (
					"DEBUG=1",
					"$(inherited)",
				);
				GCC_WARN_64_TO_32_BIT_CONVERSION = YES;
				GCC_WARN_ABOUT_RETURN_TYPE = YES_ERROR;
				GCC_WARN_UNDECLARED_SELECTOR = YES;
				GCC_WARN_UNINITIALIZED_AUTOS = YES_AGGRESSIVE;
				GCC_WARN_UNUSED_FUNCTION = YES;
				GCC_WARN_UNUSED_VARIABLE = YES;
				IPHONEOS_DEPLOYMENT_TARGET = 13.4;
				MTL_ENABLE_DEBUG_INFO = INCLUDE_SOURCE;
				MTL_FAST_MATH = YES;
				ONLY_ACTIVE_ARCH = YES;
				SDKROOT = iphoneos;
				SWIFT_ACTIVE_COMPILATION_CONDITIONS = DEBUG;
				SWIFT_OPTIMIZATION_LEVEL = "-Onone";
			};
			name = Debug;
		};
		76991A0924138D9900655819 /* Release */ = {
			isa = XCBuildConfiguration;
			buildSettings = {
				ALWAYS_SEARCH_USER_PATHS = NO;
				CLANG_ANALYZER_NONNULL = YES;
				CLANG_ANALYZER_NUMBER_OBJECT_CONVERSION = YES_AGGRESSIVE;
				CLANG_CXX_LANGUAGE_STANDARD = "gnu++14";
				CLANG_CXX_LIBRARY = "libc++";
				CLANG_ENABLE_MODULES = YES;
				CLANG_ENABLE_OBJC_ARC = YES;
				CLANG_ENABLE_OBJC_WEAK = YES;
				CLANG_WARN_BLOCK_CAPTURE_AUTORELEASING = YES;
				CLANG_WARN_BOOL_CONVERSION = YES;
				CLANG_WARN_COMMA = YES;
				CLANG_WARN_CONSTANT_CONVERSION = YES;
				CLANG_WARN_DEPRECATED_OBJC_IMPLEMENTATIONS = YES;
				CLANG_WARN_DIRECT_OBJC_ISA_USAGE = YES_ERROR;
				CLANG_WARN_DOCUMENTATION_COMMENTS = YES;
				CLANG_WARN_EMPTY_BODY = YES;
				CLANG_WARN_ENUM_CONVERSION = YES;
				CLANG_WARN_INFINITE_RECURSION = YES;
				CLANG_WARN_INT_CONVERSION = YES;
				CLANG_WARN_NON_LITERAL_NULL_CONVERSION = YES;
				CLANG_WARN_OBJC_IMPLICIT_RETAIN_SELF = YES;
				CLANG_WARN_OBJC_LITERAL_CONVERSION = YES;
				CLANG_WARN_OBJC_ROOT_CLASS = YES_ERROR;
				CLANG_WARN_RANGE_LOOP_ANALYSIS = YES;
				CLANG_WARN_STRICT_PROTOTYPES = YES;
				CLANG_WARN_SUSPICIOUS_MOVE = YES;
				CLANG_WARN_UNGUARDED_AVAILABILITY = YES_AGGRESSIVE;
				CLANG_WARN_UNREACHABLE_CODE = YES;
				CLANG_WARN__DUPLICATE_METHOD_MATCH = YES;
				COPY_PHASE_STRIP = NO;
				DEBUG_INFORMATION_FORMAT = "dwarf-with-dsym";
				ENABLE_NS_ASSERTIONS = NO;
				ENABLE_STRICT_OBJC_MSGSEND = YES;
				GCC_C_LANGUAGE_STANDARD = gnu11;
				GCC_NO_COMMON_BLOCKS = YES;
				GCC_WARN_64_TO_32_BIT_CONVERSION = YES;
				GCC_WARN_ABOUT_RETURN_TYPE = YES_ERROR;
				GCC_WARN_UNDECLARED_SELECTOR = YES;
				GCC_WARN_UNINITIALIZED_AUTOS = YES_AGGRESSIVE;
				GCC_WARN_UNUSED_FUNCTION = YES;
				GCC_WARN_UNUSED_VARIABLE = YES;
				IPHONEOS_DEPLOYMENT_TARGET = 13.4;
				MTL_ENABLE_DEBUG_INFO = NO;
				MTL_FAST_MATH = YES;
				SDKROOT = iphoneos;
				SWIFT_COMPILATION_MODE = wholemodule;
				SWIFT_OPTIMIZATION_LEVEL = "-O";
				VALIDATE_PRODUCT = YES;
			};
			name = Release;
		};
		76991A0B24138D9900655819 /* Debug */ = {
			isa = XCBuildConfiguration;
			buildSettings = {
				ASSETCATALOG_COMPILER_COMPLICATION_NAME = Complication;
				CODE_SIGN_STYLE = Automatic;
				DEVELOPMENT_ASSET_PATHS = "\"CoinFlip WatchKit Extension/Preview Content\"";
				ENABLE_PREVIEWS = YES;
				INFOPLIST_FILE = "CoinFlip WatchKit Extension/Info.plist";
				LD_RUNPATH_SEARCH_PATHS = (
					"$(inherited)",
					"@executable_path/Frameworks",
					"@executable_path/../../Frameworks",
				);
				PRODUCT_BUNDLE_IDENTIFIER = com.taras.CoinFlip.watchkitapp.watchkitextension;
				PRODUCT_NAME = "${TARGET_NAME}";
				SDKROOT = watchos;
				SKIP_INSTALL = YES;
				SWIFT_VERSION = 5.0;
				TARGETED_DEVICE_FAMILY = 4;
				WATCHOS_DEPLOYMENT_TARGET = 6.2;
			};
			name = Debug;
		};
		76991A0C24138D9900655819 /* Release */ = {
			isa = XCBuildConfiguration;
			buildSettings = {
				ASSETCATALOG_COMPILER_COMPLICATION_NAME = Complication;
				CODE_SIGN_STYLE = Automatic;
				DEVELOPMENT_ASSET_PATHS = "\"CoinFlip WatchKit Extension/Preview Content\"";
				ENABLE_PREVIEWS = YES;
				INFOPLIST_FILE = "CoinFlip WatchKit Extension/Info.plist";
				LD_RUNPATH_SEARCH_PATHS = (
					"$(inherited)",
					"@executable_path/Frameworks",
					"@executable_path/../../Frameworks",
				);
				PRODUCT_BUNDLE_IDENTIFIER = com.taras.CoinFlip.watchkitapp.watchkitextension;
				PRODUCT_NAME = "${TARGET_NAME}";
				SDKROOT = watchos;
				SKIP_INSTALL = YES;
				SWIFT_VERSION = 5.0;
				TARGETED_DEVICE_FAMILY = 4;
				WATCHOS_DEPLOYMENT_TARGET = 6.2;
			};
			name = Release;
		};
		76991A0F24138D9900655819 /* Debug */ = {
			isa = XCBuildConfiguration;
			buildSettings = {
				ALWAYS_EMBED_SWIFT_STANDARD_LIBRARIES = YES;
				ASSETCATALOG_COMPILER_APPICON_NAME = AppIcon;
				CODE_SIGN_STYLE = Automatic;
				IBSC_MODULE = CoinFlip_WatchKit_Extension;
				INFOPLIST_FILE = "CoinFlip WatchKit App/Info.plist";
				PRODUCT_BUNDLE_IDENTIFIER = com.taras.CoinFlip.watchkitapp;
				PRODUCT_NAME = "$(TARGET_NAME)";
				SDKROOT = watchos;
				SKIP_INSTALL = YES;
				SWIFT_VERSION = 5.0;
				TARGETED_DEVICE_FAMILY = 4;
				WATCHOS_DEPLOYMENT_TARGET = 6.2;
			};
			name = Debug;
		};
		76991A1024138D9900655819 /* Release */ = {
			isa = XCBuildConfiguration;
			buildSettings = {
				ALWAYS_EMBED_SWIFT_STANDARD_LIBRARIES = YES;
				ASSETCATALOG_COMPILER_APPICON_NAME = AppIcon;
				CODE_SIGN_STYLE = Automatic;
				IBSC_MODULE = CoinFlip_WatchKit_Extension;
				INFOPLIST_FILE = "CoinFlip WatchKit App/Info.plist";
				PRODUCT_BUNDLE_IDENTIFIER = com.taras.CoinFlip.watchkitapp;
				PRODUCT_NAME = "$(TARGET_NAME)";
				SDKROOT = watchos;
				SKIP_INSTALL = YES;
				SWIFT_VERSION = 5.0;
				TARGETED_DEVICE_FAMILY = 4;
				WATCHOS_DEPLOYMENT_TARGET = 6.2;
			};
			name = Release;
		};
		76991A1324138D9900655819 /* Debug */ = {
			isa = XCBuildConfiguration;
			buildSettings = {
				ASSETCATALOG_COMPILER_APPICON_NAME = AppIcon;
				CODE_SIGN_STYLE = Automatic;
				DEVELOPMENT_ASSET_PATHS = "\"CoinFlip/Preview Content\"";
				ENABLE_PREVIEWS = YES;
				INFOPLIST_FILE = CoinFlip/Info.plist;
				LD_RUNPATH_SEARCH_PATHS = (
					"$(inherited)",
					"@executable_path/Frameworks",
				);
				PRODUCT_BUNDLE_IDENTIFIER = com.taras.CoinFlip;
				PRODUCT_NAME = "$(TARGET_NAME)";
				SWIFT_VERSION = 5.0;
				TARGETED_DEVICE_FAMILY = "1,2";
			};
			name = Debug;
		};
		76991A1424138D9900655819 /* Release */ = {
			isa = XCBuildConfiguration;
			buildSettings = {
				ASSETCATALOG_COMPILER_APPICON_NAME = AppIcon;
				CODE_SIGN_STYLE = Automatic;
				DEVELOPMENT_ASSET_PATHS = "\"CoinFlip/Preview Content\"";
				ENABLE_PREVIEWS = YES;
				INFOPLIST_FILE = CoinFlip/Info.plist;
				LD_RUNPATH_SEARCH_PATHS = (
					"$(inherited)",
					"@executable_path/Frameworks",
				);
				PRODUCT_BUNDLE_IDENTIFIER = com.taras.CoinFlip;
				PRODUCT_NAME = "$(TARGET_NAME)";
				SWIFT_VERSION = 5.0;
				TARGETED_DEVICE_FAMILY = "1,2";
			};
			name = Release;
		};
		76991A1624138D9900655819 /* Debug */ = {
			isa = XCBuildConfiguration;
			buildSettings = {
				ALWAYS_EMBED_SWIFT_STANDARD_LIBRARIES = YES;
				BUNDLE_LOADER = "$(TEST_HOST)";
				CODE_SIGN_STYLE = Automatic;
				INFOPLIST_FILE = CoinFlipTests/Info.plist;
				IPHONEOS_DEPLOYMENT_TARGET = 13.4;
				LD_RUNPATH_SEARCH_PATHS = (
					"$(inherited)",
					"@executable_path/Frameworks",
					"@loader_path/Frameworks",
				);
				PRODUCT_BUNDLE_IDENTIFIER = com.taras.CoinFlipTests;
				PRODUCT_NAME = "$(TARGET_NAME)";
				SWIFT_VERSION = 5.0;
				TARGETED_DEVICE_FAMILY = "1,2";
				TEST_HOST = "$(BUILT_PRODUCTS_DIR)/CoinFlip.app/CoinFlip";
			};
			name = Debug;
		};
		76991A1724138D9900655819 /* Release */ = {
			isa = XCBuildConfiguration;
			buildSettings = {
				ALWAYS_EMBED_SWIFT_STANDARD_LIBRARIES = YES;
				BUNDLE_LOADER = "$(TEST_HOST)";
				CODE_SIGN_STYLE = Automatic;
				INFOPLIST_FILE = CoinFlipTests/Info.plist;
				IPHONEOS_DEPLOYMENT_TARGET = 13.4;
				LD_RUNPATH_SEARCH_PATHS = (
					"$(inherited)",
					"@executable_path/Frameworks",
					"@loader_path/Frameworks",
				);
				PRODUCT_BUNDLE_IDENTIFIER = com.taras.CoinFlipTests;
				PRODUCT_NAME = "$(TARGET_NAME)";
				SWIFT_VERSION = 5.0;
				TARGETED_DEVICE_FAMILY = "1,2";
				TEST_HOST = "$(BUILT_PRODUCTS_DIR)/CoinFlip.app/CoinFlip";
			};
			name = Release;
		};
		76991A1924138D9900655819 /* Debug */ = {
			isa = XCBuildConfiguration;
			buildSettings = {
				ALWAYS_EMBED_SWIFT_STANDARD_LIBRARIES = YES;
				CODE_SIGN_STYLE = Automatic;
				INFOPLIST_FILE = CoinFlipUITests/Info.plist;
				LD_RUNPATH_SEARCH_PATHS = (
					"$(inherited)",
					"@executable_path/Frameworks",
					"@loader_path/Frameworks",
				);
				PRODUCT_BUNDLE_IDENTIFIER = com.taras.CoinFlipUITests;
				PRODUCT_NAME = "$(TARGET_NAME)";
				SWIFT_VERSION = 5.0;
				TARGETED_DEVICE_FAMILY = "1,2";
				TEST_TARGET_NAME = CoinFlip;
			};
			name = Debug;
		};
		76991A1A24138D9900655819 /* Release */ = {
			isa = XCBuildConfiguration;
			buildSettings = {
				ALWAYS_EMBED_SWIFT_STANDARD_LIBRARIES = YES;
				CODE_SIGN_STYLE = Automatic;
				INFOPLIST_FILE = CoinFlipUITests/Info.plist;
				LD_RUNPATH_SEARCH_PATHS = (
					"$(inherited)",
					"@executable_path/Frameworks",
					"@loader_path/Frameworks",
				);
				PRODUCT_BUNDLE_IDENTIFIER = com.taras.CoinFlipUITests;
				PRODUCT_NAME = "$(TARGET_NAME)";
				SWIFT_VERSION = 5.0;
				TARGETED_DEVICE_FAMILY = "1,2";
				TEST_TARGET_NAME = CoinFlip;
			};
			name = Release;
		};
/* End XCBuildConfiguration section */

/* Begin XCConfigurationList section */
		769919B424138D9400655819 /* Build configuration list for PBXProject "CoinFlip" */ = {
			isa = XCConfigurationList;
			buildConfigurations = (
				76991A0824138D9900655819 /* Debug */,
				76991A0924138D9900655819 /* Release */,
			);
			defaultConfigurationIsVisible = 0;
			defaultConfigurationName = Release;
		};
		76991A0A24138D9900655819 /* Build configuration list for PBXNativeTarget "CoinFlip WatchKit Extension" */ = {
			isa = XCConfigurationList;
			buildConfigurations = (
				76991A0B24138D9900655819 /* Debug */,
				76991A0C24138D9900655819 /* Release */,
			);
			defaultConfigurationIsVisible = 0;
			defaultConfigurationName = Release;
		};
		76991A0E24138D9900655819 /* Build configuration list for PBXNativeTarget "CoinFlip WatchKit App" */ = {
			isa = XCConfigurationList;
			buildConfigurations = (
				76991A0F24138D9900655819 /* Debug */,
				76991A1024138D9900655819 /* Release */,
			);
			defaultConfigurationIsVisible = 0;
			defaultConfigurationName = Release;
		};
		76991A1224138D9900655819 /* Build configuration list for PBXNativeTarget "CoinFlip" */ = {
			isa = XCConfigurationList;
			buildConfigurations = (
				76991A1324138D9900655819 /* Debug */,
				76991A1424138D9900655819 /* Release */,
			);
			defaultConfigurationIsVisible = 0;
			defaultConfigurationName = Release;
		};
		76991A1524138D9900655819 /* Build configuration list for PBXNativeTarget "CoinFlipTests" */ = {
			isa = XCConfigurationList;
			buildConfigurations = (
				76991A1624138D9900655819 /* Debug */,
				76991A1724138D9900655819 /* Release */,
			);
			defaultConfigurationIsVisible = 0;
			defaultConfigurationName = Release;
		};
		76991A1824138D9900655819 /* Build configuration list for PBXNativeTarget "CoinFlipUITests" */ = {
			isa = XCConfigurationList;
			buildConfigurations = (
				76991A1924138D9900655819 /* Debug */,
				76991A1A24138D9900655819 /* Release */,
			);
			defaultConfigurationIsVisible = 0;
			defaultConfigurationName = Release;
		};
/* End XCConfigurationList section */
	};
	rootObject = 769919B124138D9400655819 /* Project object */;
}
